// !$*UTF8*$!
{
	archiveVersion = 1;
	classes = {
	};
	objectVersion = 51;
	objects = {

/* Begin PBXBuildFile section */
		6740BE34223686F700E44A6A /* Compteur.swift in Sources */ = {isa = PBXBuildFile; fileRef = 6740BE33223686F700E44A6A /* Compteur.swift */; };
		6756255F223AF59100D8387C /* CompteurTableViewCell.swift in Sources */ = {isa = PBXBuildFile; fileRef = 6756255E223AF59100D8387C /* CompteurTableViewCell.swift */; };
		67562561223AF90900D8387C /* CompteurTableViewController.swift in Sources */ = {isa = PBXBuildFile; fileRef = 67562560223AF90900D8387C /* CompteurTableViewController.swift */; };
		67A238D8223578D6001518FF /* AppDelegate.swift in Sources */ = {isa = PBXBuildFile; fileRef = 67A238D7223578D6001518FF /* AppDelegate.swift */; };
		67A238DA223578D6001518FF /* CompteurViewController.swift in Sources */ = {isa = PBXBuildFile; fileRef = 67A238D9223578D6001518FF /* CompteurViewController.swift */; };
		67A238DD223578D6001518FF /* Main.storyboard in Resources */ = {isa = PBXBuildFile; fileRef = 67A238DB223578D6001518FF /* Main.storyboard */; };
		67A238DF223578D7001518FF /* Assets.xcassets in Resources */ = {isa = PBXBuildFile; fileRef = 67A238DE223578D7001518FF /* Assets.xcassets */; };
		67A238E2223578D7001518FF /* LaunchScreen.storyboard in Resources */ = {isa = PBXBuildFile; fileRef = 67A238E0223578D7001518FF /* LaunchScreen.storyboard */; };
		67A238ED223578D7001518FF /* CompteurTests.swift in Sources */ = {isa = PBXBuildFile; fileRef = 67A238EC223578D7001518FF /* CompteurTests.swift */; };
		67A238F8223578D7001518FF /* CompteurUITests.swift in Sources */ = {isa = PBXBuildFile; fileRef = 67A238F7223578D7001518FF /* CompteurUITests.swift */; };
/* End PBXBuildFile section */

/* Begin PBXContainerItemProxy section */
		67A238E9223578D7001518FF /* PBXContainerItemProxy */ = {
			isa = PBXContainerItemProxy;
			containerPortal = 67A238CC223578D6001518FF /* Project object */;
			proxyType = 1;
			remoteGlobalIDString = 67A238D3223578D6001518FF;
			remoteInfo = Compteur;
		};
		67A238F4223578D7001518FF /* PBXContainerItemProxy */ = {
			isa = PBXContainerItemProxy;
			containerPortal = 67A238CC223578D6001518FF /* Project object */;
			proxyType = 1;
			remoteGlobalIDString = 67A238D3223578D6001518FF;
			remoteInfo = Compteur;
		};
/* End PBXContainerItemProxy section */

/* Begin PBXFileReference section */
		6740BE33223686F700E44A6A /* Compteur.swift */ = {isa = PBXFileReference; lastKnownFileType = sourcecode.swift; path = Compteur.swift; sourceTree = "<group>"; };
		6756255E223AF59100D8387C /* CompteurTableViewCell.swift */ = {isa = PBXFileReference; lastKnownFileType = sourcecode.swift; path = CompteurTableViewCell.swift; sourceTree = "<group>"; };
		67562560223AF90900D8387C /* CompteurTableViewController.swift */ = {isa = PBXFileReference; lastKnownFileType = sourcecode.swift; path = CompteurTableViewController.swift; sourceTree = "<group>"; };
		67A238D4223578D6001518FF /* Compteur.app */ = {isa = PBXFileReference; explicitFileType = wrapper.application; includeInIndex = 0; path = Compteur.app; sourceTree = BUILT_PRODUCTS_DIR; };
		67A238D7223578D6001518FF /* AppDelegate.swift */ = {isa = PBXFileReference; lastKnownFileType = sourcecode.swift; path = AppDelegate.swift; sourceTree = "<group>"; };
		67A238D9223578D6001518FF /* CompteurViewController.swift */ = {isa = PBXFileReference; lastKnownFileType = sourcecode.swift; path = CompteurViewController.swift; sourceTree = "<group>"; };
		67A238DC223578D6001518FF /* Base */ = {isa = PBXFileReference; lastKnownFileType = file.storyboard; name = Base; path = Base.lproj/Main.storyboard; sourceTree = "<group>"; };
		67A238DE223578D7001518FF /* Assets.xcassets */ = {isa = PBXFileReference; lastKnownFileType = folder.assetcatalog; path = Assets.xcassets; sourceTree = "<group>"; };
		67A238E1223578D7001518FF /* Base */ = {isa = PBXFileReference; lastKnownFileType = file.storyboard; name = Base; path = Base.lproj/LaunchScreen.storyboard; sourceTree = "<group>"; };
		67A238E3223578D7001518FF /* Info.plist */ = {isa = PBXFileReference; lastKnownFileType = text.plist.xml; path = Info.plist; sourceTree = "<group>"; };
		67A238E8223578D7001518FF /* CompteurTests.xctest */ = {isa = PBXFileReference; explicitFileType = wrapper.cfbundle; includeInIndex = 0; path = CompteurTests.xctest; sourceTree = BUILT_PRODUCTS_DIR; };
		67A238EC223578D7001518FF /* CompteurTests.swift */ = {isa = PBXFileReference; lastKnownFileType = sourcecode.swift; path = CompteurTests.swift; sourceTree = "<group>"; };
		67A238EE223578D7001518FF /* Info.plist */ = {isa = PBXFileReference; lastKnownFileType = text.plist.xml; path = Info.plist; sourceTree = "<group>"; };
		67A238F3223578D7001518FF /* CompteurUITests.xctest */ = {isa = PBXFileReference; explicitFileType = wrapper.cfbundle; includeInIndex = 0; path = CompteurUITests.xctest; sourceTree = BUILT_PRODUCTS_DIR; };
		67A238F7223578D7001518FF /* CompteurUITests.swift */ = {isa = PBXFileReference; lastKnownFileType = sourcecode.swift; path = CompteurUITests.swift; sourceTree = "<group>"; };
		67A238F9223578D7001518FF /* Info.plist */ = {isa = PBXFileReference; lastKnownFileType = text.plist.xml; path = Info.plist; sourceTree = "<group>"; };
/* End PBXFileReference section */

/* Begin PBXFrameworksBuildPhase section */
		67A238D1223578D6001518FF /* Frameworks */ = {
			isa = PBXFrameworksBuildPhase;
			buildActionMask = 2147483647;
			files = (
			);
			runOnlyForDeploymentPostprocessing = 0;
		};
		67A238E5223578D7001518FF /* Frameworks */ = {
			isa = PBXFrameworksBuildPhase;
			buildActionMask = 2147483647;
			files = (
			);
			runOnlyForDeploymentPostprocessing = 0;
		};
		67A238F0223578D7001518FF /* Frameworks */ = {
			isa = PBXFrameworksBuildPhase;
			buildActionMask = 2147483647;
			files = (
			);
			runOnlyForDeploymentPostprocessing = 0;
		};
/* End PBXFrameworksBuildPhase section */

/* Begin PBXGroup section */
		67A238CB223578D6001518FF = {
			isa = PBXGroup;
			children = (
				67A238D6223578D6001518FF /* Compteur */,
				67A238EB223578D7001518FF /* CompteurTests */,
				67A238F6223578D7001518FF /* CompteurUITests */,
				67A238D5223578D6001518FF /* Products */,
			);
			sourceTree = "<group>";
		};
		67A238D5223578D6001518FF /* Products */ = {
			isa = PBXGroup;
			children = (
				67A238D4223578D6001518FF /* Compteur.app */,
				67A238E8223578D7001518FF /* CompteurTests.xctest */,
				67A238F3223578D7001518FF /* CompteurUITests.xctest */,
			);
			name = Products;
			sourceTree = "<group>";
		};
		67A238D6223578D6001518FF /* Compteur */ = {
			isa = PBXGroup;
			children = (
				67A238D7223578D6001518FF /* AppDelegate.swift */,
				67A238D9223578D6001518FF /* CompteurViewController.swift */,
				6740BE33223686F700E44A6A /* Compteur.swift */,
				6756255E223AF59100D8387C /* CompteurTableViewCell.swift */,
				67562560223AF90900D8387C /* CompteurTableViewController.swift */,
				67A238DB223578D6001518FF /* Main.storyboard */,
				67A238DE223578D7001518FF /* Assets.xcassets */,
				67A238E0223578D7001518FF /* LaunchScreen.storyboard */,
				67A238E3223578D7001518FF /* Info.plist */,
			);
			path = Compteur;
			sourceTree = "<group>";
		};
		67A238EB223578D7001518FF /* CompteurTests */ = {
			isa = PBXGroup;
			children = (
				67A238EC223578D7001518FF /* CompteurTests.swift */,
				67A238EE223578D7001518FF /* Info.plist */,
			);
			path = CompteurTests;
			sourceTree = "<group>";
		};
		67A238F6223578D7001518FF /* CompteurUITests */ = {
			isa = PBXGroup;
			children = (
				67A238F7223578D7001518FF /* CompteurUITests.swift */,
				67A238F9223578D7001518FF /* Info.plist */,
			);
			path = CompteurUITests;
			sourceTree = "<group>";
		};
/* End PBXGroup section */

/* Begin PBXNativeTarget section */
		67A238D3223578D6001518FF /* Compteur */ = {
			isa = PBXNativeTarget;
			buildConfigurationList = 67A238FC223578D7001518FF /* Build configuration list for PBXNativeTarget "Compteur" */;
			buildPhases = (
				67A238D0223578D6001518FF /* Sources */,
				67A238D1223578D6001518FF /* Frameworks */,
				67A238D2223578D6001518FF /* Resources */,
			);
			buildRules = (
			);
			dependencies = (
			);
			name = Compteur;
			productName = Compteur;
			productReference = 67A238D4223578D6001518FF /* Compteur.app */;
			productType = "com.apple.product-type.application";
		};
		67A238E7223578D7001518FF /* CompteurTests */ = {
			isa = PBXNativeTarget;
			buildConfigurationList = 67A238FF223578D7001518FF /* Build configuration list for PBXNativeTarget "CompteurTests" */;
			buildPhases = (
				67A238E4223578D7001518FF /* Sources */,
				67A238E5223578D7001518FF /* Frameworks */,
				67A238E6223578D7001518FF /* Resources */,
			);
			buildRules = (
			);
			dependencies = (
				67A238EA223578D7001518FF /* PBXTargetDependency */,
			);
			name = CompteurTests;
			productName = CompteurTests;
			productReference = 67A238E8223578D7001518FF /* CompteurTests.xctest */;
			productType = "com.apple.product-type.bundle.unit-test";
		};
		67A238F2223578D7001518FF /* CompteurUITests */ = {
			isa = PBXNativeTarget;
			buildConfigurationList = 67A23902223578D7001518FF /* Build configuration list for PBXNativeTarget "CompteurUITests" */;
			buildPhases = (
				67A238EF223578D7001518FF /* Sources */,
				67A238F0223578D7001518FF /* Frameworks */,
				67A238F1223578D7001518FF /* Resources */,
			);
			buildRules = (
			);
			dependencies = (
				67A238F5223578D7001518FF /* PBXTargetDependency */,
			);
			name = CompteurUITests;
			productName = CompteurUITests;
			productReference = 67A238F3223578D7001518FF /* CompteurUITests.xctest */;
			productType = "com.apple.product-type.bundle.ui-testing";
		};
/* End PBXNativeTarget section */

/* Begin PBXProject section */
		67A238CC223578D6001518FF /* Project object */ = {
			isa = PBXProject;
			attributes = {
				LastSwiftUpdateCheck = 1010;
				LastUpgradeCheck = 1010;
				ORGANIZATIONNAME = LucasStbnr;
				TargetAttributes = {
					67A238D3223578D6001518FF = {
						CreatedOnToolsVersion = 10.1;
						LastSwiftMigration = 1020;
						SystemCapabilities = {
							com.apple.Keychain = {
								enabled = 0;
							};
						};
					};
					67A238E7223578D7001518FF = {
						CreatedOnToolsVersion = 10.1;
						TestTargetID = 67A238D3223578D6001518FF;
					};
					67A238F2223578D7001518FF = {
						CreatedOnToolsVersion = 10.1;
						TestTargetID = 67A238D3223578D6001518FF;
					};
				};
			};
			buildConfigurationList = 67A238CF223578D6001518FF /* Build configuration list for PBXProject "Compteur" */;
			compatibilityVersion = "Xcode 10.0";
			developmentRegion = en;
			hasScannedForEncodings = 0;
			knownRegions = (
				en,
				Base,
			);
			mainGroup = 67A238CB223578D6001518FF;
			productRefGroup = 67A238D5223578D6001518FF /* Products */;
			projectDirPath = "";
			projectRoot = "";
			targets = (
				67A238D3223578D6001518FF /* Compteur */,
				67A238E7223578D7001518FF /* CompteurTests */,
				67A238F2223578D7001518FF /* CompteurUITests */,
			);
		};
/* End PBXProject section */

/* Begin PBXResourcesBuildPhase section */
		67A238D2223578D6001518FF /* Resources */ = {
			isa = PBXResourcesBuildPhase;
			buildActionMask = 2147483647;
			files = (
				67A238E2223578D7001518FF /* LaunchScreen.storyboard in Resources */,
				67A238DF223578D7001518FF /* Assets.xcassets in Resources */,
				67A238DD223578D6001518FF /* Main.storyboard in Resources */,
			);
			runOnlyForDeploymentPostprocessing = 0;
		};
		67A238E6223578D7001518FF /* Resources */ = {
			isa = PBXResourcesBuildPhase;
			buildActionMask = 2147483647;
			files = (
			);
			runOnlyForDeploymentPostprocessing = 0;
		};
		67A238F1223578D7001518FF /* Resources */ = {
			isa = PBXResourcesBuildPhase;
			buildActionMask = 2147483647;
			files = (
			);
			runOnlyForDeploymentPostprocessing = 0;
		};
/* End PBXResourcesBuildPhase section */

/* Begin PBXSourcesBuildPhase section */
		67A238D0223578D6001518FF /* Sources */ = {
			isa = PBXSourcesBuildPhase;
			buildActionMask = 2147483647;
			files = (
				6756255F223AF59100D8387C /* CompteurTableViewCell.swift in Sources */,
				67562561223AF90900D8387C /* CompteurTableViewController.swift in Sources */,
				6740BE34223686F700E44A6A /* Compteur.swift in Sources */,
				67A238DA223578D6001518FF /* CompteurViewController.swift in Sources */,
				67A238D8223578D6001518FF /* AppDelegate.swift in Sources */,
			);
			runOnlyForDeploymentPostprocessing = 0;
		};
		67A238E4223578D7001518FF /* Sources */ = {
			isa = PBXSourcesBuildPhase;
			buildActionMask = 2147483647;
			files = (
				67A238ED223578D7001518FF /* CompteurTests.swift in Sources */,
			);
			runOnlyForDeploymentPostprocessing = 0;
		};
		67A238EF223578D7001518FF /* Sources */ = {
			isa = PBXSourcesBuildPhase;
			buildActionMask = 2147483647;
			files = (
				67A238F8223578D7001518FF /* CompteurUITests.swift in Sources */,
			);
			runOnlyForDeploymentPostprocessing = 0;
		};
/* End PBXSourcesBuildPhase section */

/* Begin PBXTargetDependency section */
		67A238EA223578D7001518FF /* PBXTargetDependency */ = {
			isa = PBXTargetDependency;
			target = 67A238D3223578D6001518FF /* Compteur */;
			targetProxy = 67A238E9223578D7001518FF /* PBXContainerItemProxy */;
		};
		67A238F5223578D7001518FF /* PBXTargetDependency */ = {
			isa = PBXTargetDependency;
			target = 67A238D3223578D6001518FF /* Compteur */;
			targetProxy = 67A238F4223578D7001518FF /* PBXContainerItemProxy */;
		};
/* End PBXTargetDependency section */

/* Begin PBXVariantGroup section */
		67A238DB223578D6001518FF /* Main.storyboard */ = {
			isa = PBXVariantGroup;
			children = (
				67A238DC223578D6001518FF /* Base */,
			);
			name = Main.storyboard;
			sourceTree = "<group>";
		};
		67A238E0223578D7001518FF /* LaunchScreen.storyboard */ = {
			isa = PBXVariantGroup;
			children = (
				67A238E1223578D7001518FF /* Base */,
			);
			name = LaunchScreen.storyboard;
			sourceTree = "<group>";
		};
/* End PBXVariantGroup section */

/* Begin XCBuildConfiguration section */
		67A238FA223578D7001518FF /* Debug */ = {
			isa = XCBuildConfiguration;
			buildSettings = {
				ALWAYS_SEARCH_USER_PATHS = NO;
				CLANG_ANALYZER_NONNULL = YES;
				CLANG_ANALYZER_NUMBER_OBJECT_CONVERSION = YES_AGGRESSIVE;
				CLANG_CXX_LANGUAGE_STANDARD = "gnu++14";
				CLANG_CXX_LIBRARY = "libc++";
				CLANG_ENABLE_MODULES = YES;
				CLANG_ENABLE_OBJC_ARC = YES;
				CLANG_ENABLE_OBJC_WEAK = YES;
				CLANG_WARN_BLOCK_CAPTURE_AUTORELEASING = YES;
				CLANG_WARN_BOOL_CONVERSION = YES;
				CLANG_WARN_COMMA = YES;
				CLANG_WARN_CONSTANT_CONVERSION = YES;
				CLANG_WARN_DEPRECATED_OBJC_IMPLEMENTATIONS = YES;
				CLANG_WARN_DIRECT_OBJC_ISA_USAGE = YES_ERROR;
				CLANG_WARN_DOCUMENTATION_COMMENTS = YES;
				CLANG_WARN_EMPTY_BODY = YES;
				CLANG_WARN_ENUM_CONVERSION = YES;
				CLANG_WARN_INFINITE_RECURSION = YES;
				CLANG_WARN_INT_CONVERSION = YES;
				CLANG_WARN_NON_LITERAL_NULL_CONVERSION = YES;
				CLANG_WARN_OBJC_IMPLICIT_RETAIN_SELF = YES;
				CLANG_WARN_OBJC_LITERAL_CONVERSION = YES;
				CLANG_WARN_OBJC_ROOT_CLASS = YES_ERROR;
				CLANG_WARN_RANGE_LOOP_ANALYSIS = YES;
				CLANG_WARN_STRICT_PROTOTYPES = YES;
				CLANG_WARN_SUSPICIOUS_MOVE = YES;
				CLANG_WARN_UNGUARDED_AVAILABILITY = YES_AGGRESSIVE;
				CLANG_WARN_UNREACHABLE_CODE = YES;
				CLANG_WARN__DUPLICATE_METHOD_MATCH = YES;
				CODE_SIGN_IDENTITY = "iPhone Developer";
				COPY_PHASE_STRIP = NO;
				DEBUG_INFORMATION_FORMAT = dwarf;
				ENABLE_STRICT_OBJC_MSGSEND = YES;
				ENABLE_TESTABILITY = YES;
				GCC_C_LANGUAGE_STANDARD = gnu11;
				GCC_DYNAMIC_NO_PIC = NO;
				GCC_NO_COMMON_BLOCKS = YES;
				GCC_OPTIMIZATION_LEVEL = 0;
				GCC_PREPROCESSOR_DEFINITIONS = (
					"DEBUG=1",
					"$(inherited)",
				);
				GCC_WARN_64_TO_32_BIT_CONVERSION = YES;
				GCC_WARN_ABOUT_RETURN_TYPE = YES_ERROR;
				GCC_WARN_UNDECLARED_SELECTOR = YES;
				GCC_WARN_UNINITIALIZED_AUTOS = YES_AGGRESSIVE;
				GCC_WARN_UNUSED_FUNCTION = YES;
				GCC_WARN_UNUSED_VARIABLE = YES;
				IPHONEOS_DEPLOYMENT_TARGET = 12.1;
				MTL_ENABLE_DEBUG_INFO = INCLUDE_SOURCE;
				MTL_FAST_MATH = YES;
				ONLY_ACTIVE_ARCH = YES;
				SDKROOT = iphoneos;
				SWIFT_ACTIVE_COMPILATION_CONDITIONS = DEBUG;
				SWIFT_OPTIMIZATION_LEVEL = "-Onone";
			};
			name = Debug;
		};
		67A238FB223578D7001518FF /* Release */ = {
			isa = XCBuildConfiguration;
			buildSettings = {
				ALWAYS_SEARCH_USER_PATHS = NO;
				CLANG_ANALYZER_NONNULL = YES;
				CLANG_ANALYZER_NUMBER_OBJECT_CONVERSION = YES_AGGRESSIVE;
				CLANG_CXX_LANGUAGE_STANDARD = "gnu++14";
				CLANG_CXX_LIBRARY = "libc++";
				CLANG_ENABLE_MODULES = YES;
				CLANG_ENABLE_OBJC_ARC = YES;
				CLANG_ENABLE_OBJC_WEAK = YES;
				CLANG_WARN_BLOCK_CAPTURE_AUTORELEASING = YES;
				CLANG_WARN_BOOL_CONVERSION = YES;
				CLANG_WARN_COMMA = YES;
				CLANG_WARN_CONSTANT_CONVERSION = YES;
				CLANG_WARN_DEPRECATED_OBJC_IMPLEMENTATIONS = YES;
				CLANG_WARN_DIRECT_OBJC_ISA_USAGE = YES_ERROR;
				CLANG_WARN_DOCUMENTATION_COMMENTS = YES;
				CLANG_WARN_EMPTY_BODY = YES;
				CLANG_WARN_ENUM_CONVERSION = YES;
				CLANG_WARN_INFINITE_RECURSION = YES;
				CLANG_WARN_INT_CONVERSION = YES;
				CLANG_WARN_NON_LITERAL_NULL_CONVERSION = YES;
				CLANG_WARN_OBJC_IMPLICIT_RETAIN_SELF = YES;
				CLANG_WARN_OBJC_LITERAL_CONVERSION = YES;
				CLANG_WARN_OBJC_ROOT_CLASS = YES_ERROR;
				CLANG_WARN_RANGE_LOOP_ANALYSIS = YES;
				CLANG_WARN_STRICT_PROTOTYPES = YES;
				CLANG_WARN_SUSPICIOUS_MOVE = YES;
				CLANG_WARN_UNGUARDED_AVAILABILITY = YES_AGGRESSIVE;
				CLANG_WARN_UNREACHABLE_CODE = YES;
				CLANG_WARN__DUPLICATE_METHOD_MATCH = YES;
				CODE_SIGN_IDENTITY = "iPhone Developer";
				COPY_PHASE_STRIP = NO;
				DEBUG_INFORMATION_FORMAT = "dwarf-with-dsym";
				ENABLE_NS_ASSERTIONS = NO;
				ENABLE_STRICT_OBJC_MSGSEND = YES;
				GCC_C_LANGUAGE_STANDARD = gnu11;
				GCC_NO_COMMON_BLOCKS = YES;
				GCC_WARN_64_TO_32_BIT_CONVERSION = YES;
				GCC_WARN_ABOUT_RETURN_TYPE = YES_ERROR;
				GCC_WARN_UNDECLARED_SELECTOR = YES;
				GCC_WARN_UNINITIALIZED_AUTOS = YES_AGGRESSIVE;
				GCC_WARN_UNUSED_FUNCTION = YES;
				GCC_WARN_UNUSED_VARIABLE = YES;
				IPHONEOS_DEPLOYMENT_TARGET = 12.1;
				MTL_ENABLE_DEBUG_INFO = NO;
				MTL_FAST_MATH = YES;
				SDKROOT = iphoneos;
				SWIFT_COMPILATION_MODE = wholemodule;
				SWIFT_OPTIMIZATION_LEVEL = "-O";
				VALIDATE_PRODUCT = YES;
			};
			name = Release;
		};
		67A238FD223578D7001518FF /* Debug */ = {
			isa = XCBuildConfiguration;
			buildSettings = {
				ASSETCATALOG_COMPILER_APPICON_NAME = AppIcon;
				CODE_SIGN_STYLE = Automatic;
				DEVELOPMENT_TEAM = 8FTT6WA7PU;
				INFOPLIST_FILE = Compteur/Info.plist;
				LD_RUNPATH_SEARCH_PATHS = (
					"$(inherited)",
					"@executable_path/Frameworks",
				);
				PRODUCT_BUNDLE_IDENTIFIER = com.LucasStbnr.Compteur;
				PRODUCT_NAME = "$(TARGET_NAME)";
				SWIFT_VERSION = 5.0;
				TARGETED_DEVICE_FAMILY = 1;
			};
			name = Debug;
		};
		67A238FE223578D7001518FF /* Release */ = {
			isa = XCBuildConfiguration;
			buildSettings = {
				ASSETCATALOG_COMPILER_APPICON_NAME = AppIcon;
				CODE_SIGN_STYLE = Automatic;
				DEVELOPMENT_TEAM = 8FTT6WA7PU;
				INFOPLIST_FILE = Compteur/Info.plist;
				LD_RUNPATH_SEARCH_PATHS = (
					"$(inherited)",
					"@executable_path/Frameworks",
				);
				PRODUCT_BUNDLE_IDENTIFIER = com.LucasStbnr.Compteur;
				PRODUCT_NAME = "$(TARGET_NAME)";
				SWIFT_VERSION = 5.0;
				TARGETED_DEVICE_FAMILY = 1;
			};
			name = Release;
		};
		67A23900223578D7001518FF /* Debug */ = {
			isa = XCBuildConfiguration;
			buildSettings = {
				ALWAYS_EMBED_SWIFT_STANDARD_LIBRARIES = YES;
				BUNDLE_LOADER = "$(TEST_HOST)";
				CODE_SIGN_STYLE = Automatic;
				DEVELOPMENT_TEAM = 8FTT6WA7PU;
				INFOPLIST_FILE = CompteurTests/Info.plist;
				LD_RUNPATH_SEARCH_PATHS = (
					"$(inherited)",
					"@executable_path/Frameworks",
					"@loader_path/Frameworks",
				);
				PRODUCT_BUNDLE_IDENTIFIER = com.LucasStbnr.CompteurTests;
				PRODUCT_NAME = "$(TARGET_NAME)";
				SWIFT_VERSION = 4.2;
				TARGETED_DEVICE_FAMILY = "1,2";
				TEST_HOST = "$(BUILT_PRODUCTS_DIR)/Compteur.app/Compteur";
			};
			name = Debug;
		};
		67A23901223578D7001518FF /* Release */ = {
			isa = XCBuildConfiguration;
			buildSettings = {
				ALWAYS_EMBED_SWIFT_STANDARD_LIBRARIES = YES;
				BUNDLE_LOADER = "$(TEST_HOST)";
				CODE_SIGN_STYLE = Automatic;
				DEVELOPMENT_TEAM = 8FTT6WA7PU;
				INFOPLIST_FILE = CompteurTests/Info.plist;
				LD_RUNPATH_SEARCH_PATHS = (
					"$(inherited)",
					"@executable_path/Frameworks",
					"@loader_path/Frameworks",
				);
				PRODUCT_BUNDLE_IDENTIFIER = com.LucasStbnr.CompteurTests;
				PRODUCT_NAME = "$(TARGET_NAME)";
				SWIFT_VERSION = 4.2;
				TARGETED_DEVICE_FAMILY = "1,2";
				TEST_HOST = "$(BUILT_PRODUCTS_DIR)/Compteur.app/Compteur";
			};
			name = Release;
		};
		67A23903223578D7001518FF /* Debug */ = {
			isa = XCBuildConfiguration;
			buildSettings = {
				ALWAYS_EMBED_SWIFT_STANDARD_LIBRARIES = YES;
				CODE_SIGN_STYLE = Automatic;
				DEVELOPMENT_TEAM = 8FTT6WA7PU;
				INFOPLIST_FILE = CompteurUITests/Info.plist;
				LD_RUNPATH_SEARCH_PATHS = (
					"$(inherited)",
					"@executable_path/Frameworks",
					"@loader_path/Frameworks",
				);
				PRODUCT_BUNDLE_IDENTIFIER = com.LucasStbnr.CompteurUITests;
				PRODUCT_NAME = "$(TARGET_NAME)";
				SWIFT_VERSION = 4.2;
				TARGETED_DEVICE_FAMILY = "1,2";
				TEST_TARGET_NAME = Compteur;
			};
			name = Debug;
		};
		67A23904223578D7001518FF /* Release */ = {
			isa = XCBuildConfiguration;
			buildSettings = {
				ALWAYS_EMBED_SWIFT_STANDARD_LIBRARIES = YES;
				CODE_SIGN_STYLE = Automatic;
				DEVELOPMENT_TEAM = 8FTT6WA7PU;
				INFOPLIST_FILE = CompteurUITests/Info.plist;
				LD_RUNPATH_SEARCH_PATHS = (
					"$(inherited)",
					"@executable_path/Frameworks",
					"@loader_path/Frameworks",
				);
				PRODUCT_BUNDLE_IDENTIFIER = com.LucasStbnr.CompteurUITests;
				PRODUCT_NAME = "$(TARGET_NAME)";
				SWIFT_VERSION = 4.2;
				TARGETED_DEVICE_FAMILY = "1,2";
				TEST_TARGET_NAME = Compteur;
			};
			name = Release;
		};
/* End XCBuildConfiguration section */

/* Begin XCConfigurationList section */
		67A238CF223578D6001518FF /* Build configuration list for PBXProject "Compteur" */ = {
			isa = XCConfigurationList;
			buildConfigurations = (
				67A238FA223578D7001518FF /* Debug */,
				67A238FB223578D7001518FF /* Release */,
			);
			defaultConfigurationIsVisible = 0;
			defaultConfigurationName = Release;
		};
		67A238FC223578D7001518FF /* Build configuration list for PBXNativeTarget "Compteur" */ = {
			isa = XCConfigurationList;
			buildConfigurations = (
				67A238FD223578D7001518FF /* Debug */,
				67A238FE223578D7001518FF /* Release */,
			);
			defaultConfigurationIsVisible = 0;
			defaultConfigurationName = Release;
		};
		67A238FF223578D7001518FF /* Build configuration list for PBXNativeTarget "CompteurTests" */ = {
			isa = XCConfigurationList;
			buildConfigurations = (
				67A23900223578D7001518FF /* Debug */,
				67A23901223578D7001518FF /* Release */,
			);
			defaultConfigurationIsVisible = 0;
			defaultConfigurationName = Release;
		};
		67A23902223578D7001518FF /* Build configuration list for PBXNativeTarget "CompteurUITests" */ = {
			isa = XCConfigurationList;
			buildConfigurations = (
				67A23903223578D7001518FF /* Debug */,
				67A23904223578D7001518FF /* Release */,
			);
			defaultConfigurationIsVisible = 0;
			defaultConfigurationName = Release;
		};
/* End XCConfigurationList section */
	};
	rootObject = 67A238CC223578D6001518FF /* Project object */;
}
